// !$*UTF8*$!
{
	archiveVersion = 1;
	classes = {
	};
	objectVersion = 46;
	objects = {

/* Begin PBXBuildFile section */
		27D33C74208ECFBF0035E835 /* WebViewController.m in Sources */ = {isa = PBXBuildFile; fileRef = 27D33C6A208ECFBE0035E835 /* WebViewController.m */; };
		27D33C75208ECFBF0035E835 /* QRScanningViewController.m in Sources */ = {isa = PBXBuildFile; fileRef = 27D33C6D208ECFBF0035E835 /* QRScanningViewController.m */; };
		27D33C76208ECFBF0035E835 /* QRGetViewController.m in Sources */ = {isa = PBXBuildFile; fileRef = 27D33C70208ECFBF0035E835 /* QRGetViewController.m */; };
		27D33C77208ECFBF0035E835 /* NativeViewController.m in Sources */ = {isa = PBXBuildFile; fileRef = 27D33C73208ECFBF0035E835 /* NativeViewController.m */; };
		27D33C7A208ED01C0035E835 /* FCQRCodeUtil.m in Sources */ = {isa = PBXBuildFile; fileRef = 27D33C79208ED01C0035E835 /* FCQRCodeUtil.m */; };
		27D33C7D208EE58E0035E835 /* QRScanningAnswerViewController.m in Sources */ = {isa = PBXBuildFile; fileRef = 27D33C7C208EE58E0035E835 /* QRScanningAnswerViewController.m */; };
		4B10A0E71F42C65300E57442 /* main.m in Sources */ = {isa = PBXBuildFile; fileRef = 4B10A0E61F42C65300E57442 /* main.m */; };
		4B10A0EA1F42C65300E57442 /* AppDelegate.m in Sources */ = {isa = PBXBuildFile; fileRef = 4B10A0E91F42C65300E57442 /* AppDelegate.m */; };
		4B10A0ED1F42C65300E57442 /* ViewController.m in Sources */ = {isa = PBXBuildFile; fileRef = 4B10A0EC1F42C65300E57442 /* ViewController.m */; };
		4B10A0F01F42C65300E57442 /* Main.storyboard in Resources */ = {isa = PBXBuildFile; fileRef = 4B10A0EE1F42C65300E57442 /* Main.storyboard */; };
		4B10A0F21F42C65300E57442 /* Assets.xcassets in Resources */ = {isa = PBXBuildFile; fileRef = 4B10A0F11F42C65300E57442 /* Assets.xcassets */; };
		4B10A0F51F42C65300E57442 /* LaunchScreen.storyboard in Resources */ = {isa = PBXBuildFile; fileRef = 4B10A0F31F42C65300E57442 /* LaunchScreen.storyboard */; };
		4B10A0FD1F42C86100E57442 /* demo.png in Resources */ = {isa = PBXBuildFile; fileRef = 4B10A0FC1F42C86100E57442 /* demo.png */; };
/* End PBXBuildFile section */

/* Begin PBXFileReference section */
		27D33C69208ECFBE0035E835 /* WebViewController.h */ = {isa = PBXFileReference; fileEncoding = 4; lastKnownFileType = sourcecode.c.h; path = WebViewController.h; sourceTree = "<group>"; };
		27D33C6A208ECFBE0035E835 /* WebViewController.m */ = {isa = PBXFileReference; fileEncoding = 4; lastKnownFileType = sourcecode.c.objc; path = WebViewController.m; sourceTree = "<group>"; };
		27D33C6C208ECFBF0035E835 /* QRScanningViewController.h */ = {isa = PBXFileReference; fileEncoding = 4; lastKnownFileType = sourcecode.c.h; path = QRScanningViewController.h; sourceTree = "<group>"; };
		27D33C6D208ECFBF0035E835 /* QRScanningViewController.m */ = {isa = PBXFileReference; fileEncoding = 4; lastKnownFileType = sourcecode.c.objc; path = QRScanningViewController.m; sourceTree = "<group>"; };
		27D33C6F208ECFBF0035E835 /* QRGetViewController.h */ = {isa = PBXFileReference; fileEncoding = 4; lastKnownFileType = sourcecode.c.h; path = QRGetViewController.h; sourceTree = "<group>"; };
		27D33C70208ECFBF0035E835 /* QRGetViewController.m */ = {isa = PBXFileReference; fileEncoding = 4; lastKnownFileType = sourcecode.c.objc; path = QRGetViewController.m; sourceTree = "<group>"; };
		27D33C72208ECFBF0035E835 /* NativeViewController.h */ = {isa = PBXFileReference; fileEncoding = 4; lastKnownFileType = sourcecode.c.h; path = NativeViewController.h; sourceTree = "<group>"; };
		27D33C73208ECFBF0035E835 /* NativeViewController.m */ = {isa = PBXFileReference; fileEncoding = 4; lastKnownFileType = sourcecode.c.objc; path = NativeViewController.m; sourceTree = "<group>"; };
		27D33C78208ED01C0035E835 /* FCQRCodeUtil.h */ = {isa = PBXFileReference; lastKnownFileType = sourcecode.c.h; path = FCQRCodeUtil.h; sourceTree = "<group>"; };
		27D33C79208ED01C0035E835 /* FCQRCodeUtil.m */ = {isa = PBXFileReference; lastKnownFileType = sourcecode.c.objc; path = FCQRCodeUtil.m; sourceTree = "<group>"; };
		27D33C7B208EE58E0035E835 /* QRScanningAnswerViewController.h */ = {isa = PBXFileReference; lastKnownFileType = sourcecode.c.h; path = QRScanningAnswerViewController.h; sourceTree = "<group>"; };
		27D33C7C208EE58E0035E835 /* QRScanningAnswerViewController.m */ = {isa = PBXFileReference; lastKnownFileType = sourcecode.c.objc; path = QRScanningAnswerViewController.m; sourceTree = "<group>"; };
		4B10A0E21F42C65300E57442 /* 二维码.app */ = {isa = PBXFileReference; explicitFileType = wrapper.application; includeInIndex = 0; path = "二维码.app"; sourceTree = BUILT_PRODUCTS_DIR; };
		4B10A0E61F42C65300E57442 /* main.m */ = {isa = PBXFileReference; lastKnownFileType = sourcecode.c.objc; path = main.m; sourceTree = "<group>"; };
		4B10A0E81F42C65300E57442 /* AppDelegate.h */ = {isa = PBXFileReference; lastKnownFileType = sourcecode.c.h; path = AppDelegate.h; sourceTree = "<group>"; };
		4B10A0E91F42C65300E57442 /* AppDelegate.m */ = {isa = PBXFileReference; lastKnownFileType = sourcecode.c.objc; path = AppDelegate.m; sourceTree = "<group>"; };
		4B10A0EB1F42C65300E57442 /* ViewController.h */ = {isa = PBXFileReference; lastKnownFileType = sourcecode.c.h; path = ViewController.h; sourceTree = "<group>"; };
		4B10A0EC1F42C65300E57442 /* ViewController.m */ = {isa = PBXFileReference; lastKnownFileType = sourcecode.c.objc; path = ViewController.m; sourceTree = "<group>"; };
		4B10A0EF1F42C65300E57442 /* Base */ = {isa = PBXFileReference; lastKnownFileType = file.storyboard; name = Base; path = Base.lproj/Main.storyboard; sourceTree = "<group>"; };
		4B10A0F11F42C65300E57442 /* Assets.xcassets */ = {isa = PBXFileReference; lastKnownFileType = folder.assetcatalog; path = Assets.xcassets; sourceTree = "<group>"; };
		4B10A0F41F42C65300E57442 /* Base */ = {isa = PBXFileReference; lastKnownFileType = file.storyboard; name = Base; path = Base.lproj/LaunchScreen.storyboard; sourceTree = "<group>"; };
		4B10A0F61F42C65300E57442 /* Info.plist */ = {isa = PBXFileReference; lastKnownFileType = text.plist.xml; path = Info.plist; sourceTree = "<group>"; };
		4B10A0FC1F42C86100E57442 /* demo.png */ = {isa = PBXFileReference; lastKnownFileType = image.png; path = demo.png; sourceTree = "<group>"; };
/* End PBXFileReference section */

/* Begin PBXFrameworksBuildPhase section */
		4B10A0DF1F42C65300E57442 /* Frameworks */ = {
			isa = PBXFrameworksBuildPhase;
			buildActionMask = 2147483647;
			files = (
			);
			runOnlyForDeploymentPostprocessing = 0;
		};
/* End PBXFrameworksBuildPhase section */

/* Begin PBXGroup section */
		27D33C68208ECFBE0035E835 /* QRWebView */ = {
			isa = PBXGroup;
			children = (
				27D33C69208ECFBE0035E835 /* WebViewController.h */,
				27D33C6A208ECFBE0035E835 /* WebViewController.m */,
			);
			path = QRWebView;
			sourceTree = "<group>";
		};
		27D33C6B208ECFBF0035E835 /* QRScanning */ = {
			isa = PBXGroup;
			children = (
				27D33C6C208ECFBF0035E835 /* QRScanningViewController.h */,
				27D33C6D208ECFBF0035E835 /* QRScanningViewController.m */,
				27D33C7B208EE58E0035E835 /* QRScanningAnswerViewController.h */,
				27D33C7C208EE58E0035E835 /* QRScanningAnswerViewController.m */,
			);
			path = QRScanning;
			sourceTree = "<group>";
		};
		27D33C6E208ECFBF0035E835 /* QRGet */ = {
			isa = PBXGroup;
			children = (
				27D33C6F208ECFBF0035E835 /* QRGetViewController.h */,
				27D33C70208ECFBF0035E835 /* QRGetViewController.m */,
				27D33C78208ED01C0035E835 /* FCQRCodeUtil.h */,
				27D33C79208ED01C0035E835 /* FCQRCodeUtil.m */,
			);
			path = QRGet;
			sourceTree = "<group>";
		};
		27D33C71208ECFBF0035E835 /* QRNativeView */ = {
			isa = PBXGroup;
			children = (
				27D33C72208ECFBF0035E835 /* NativeViewController.h */,
				27D33C73208ECFBF0035E835 /* NativeViewController.m */,
			);
			path = QRNativeView;
			sourceTree = "<group>";
		};
		4B10A0D91F42C65300E57442 = {
			isa = PBXGroup;
			children = (
				4B10A0E41F42C65300E57442 /* 二维码 */,
				4B10A0E31F42C65300E57442 /* Products */,
			);
			sourceTree = "<group>";
		};
		4B10A0E31F42C65300E57442 /* Products */ = {
			isa = PBXGroup;
			children = (
				4B10A0E21F42C65300E57442 /* 二维码.app */,
			);
			name = Products;
			sourceTree = "<group>";
		};
		4B10A0E41F42C65300E57442 /* 二维码 */ = {
			isa = PBXGroup;
			children = (
				4B10A0FC1F42C86100E57442 /* demo.png */,
				4B10A0E81F42C65300E57442 /* AppDelegate.h */,
				4B10A0E91F42C65300E57442 /* AppDelegate.m */,
				4B10A0EB1F42C65300E57442 /* ViewController.h */,
				4B10A0EC1F42C65300E57442 /* ViewController.m */,
				27D33C6E208ECFBF0035E835 /* QRGet */,
				27D33C71208ECFBF0035E835 /* QRNativeView */,
				27D33C6B208ECFBF0035E835 /* QRScanning */,
				27D33C68208ECFBE0035E835 /* QRWebView */,
				4B10A0EE1F42C65300E57442 /* Main.storyboard */,
				4B10A0F11F42C65300E57442 /* Assets.xcassets */,
				4B10A0F31F42C65300E57442 /* LaunchScreen.storyboard */,
				4B10A0F61F42C65300E57442 /* Info.plist */,
				4B10A0E51F42C65300E57442 /* Supporting Files */,
			);
			path = "二维码";
			sourceTree = "<group>";
		};
		4B10A0E51F42C65300E57442 /* Supporting Files */ = {
			isa = PBXGroup;
			children = (
				4B10A0E61F42C65300E57442 /* main.m */,
			);
			name = "Supporting Files";
			sourceTree = "<group>";
		};
/* End PBXGroup section */

/* Begin PBXNativeTarget section */
		4B10A0E11F42C65300E57442 /* 二维码 */ = {
			isa = PBXNativeTarget;
			buildConfigurationList = 4B10A0F91F42C65300E57442 /* Build configuration list for PBXNativeTarget "二维码" */;
			buildPhases = (
				4B10A0DE1F42C65300E57442 /* Sources */,
				4B10A0DF1F42C65300E57442 /* Frameworks */,
				4B10A0E01F42C65300E57442 /* Resources */,
			);
			buildRules = (
			);
			dependencies = (
			);
			name = "二维码";
			productName = "二维码";
			productReference = 4B10A0E21F42C65300E57442 /* 二维码.app */;
			productType = "com.apple.product-type.application";
		};
/* End PBXNativeTarget section */

/* Begin PBXProject section */
		4B10A0DA1F42C65300E57442 /* Project object */ = {
			isa = PBXProject;
			attributes = {
				LastUpgradeCheck = 0830;
				ORGANIZATIONNAME = xiaofei;
				TargetAttributes = {
					4B10A0E11F42C65300E57442 = {
						CreatedOnToolsVersion = 8.3.2;
						DevelopmentTeam = BTNY4MKFD9;
						ProvisioningStyle = Automatic;
					};
				};
			};
			buildConfigurationList = 4B10A0DD1F42C65300E57442 /* Build configuration list for PBXProject "二维码" */;
			compatibilityVersion = "Xcode 3.2";
			developmentRegion = English;
			hasScannedForEncodings = 0;
			knownRegions = (
				en,
				Base,
			);
			mainGroup = 4B10A0D91F42C65300E57442;
			productRefGroup = 4B10A0E31F42C65300E57442 /* Products */;
			projectDirPath = "";
			projectRoot = "";
			targets = (
				4B10A0E11F42C65300E57442 /* 二维码 */,
			);
		};
/* End PBXProject section */

/* Begin PBXResourcesBuildPhase section */
		4B10A0E01F42C65300E57442 /* Resources */ = {
			isa = PBXResourcesBuildPhase;
			buildActionMask = 2147483647;
			files = (
				4B10A0FD1F42C86100E57442 /* demo.png in Resources */,
				4B10A0F51F42C65300E57442 /* LaunchScreen.storyboard in Resources */,
				4B10A0F21F42C65300E57442 /* Assets.xcassets in Resources */,
				4B10A0F01F42C65300E57442 /* Main.storyboard in Resources */,
			);
			runOnlyForDeploymentPostprocessing = 0;
		};
/* End PBXResourcesBuildPhase section */

/* Begin PBXSourcesBuildPhase section */
		4B10A0DE1F42C65300E57442 /* Sources */ = {
			isa = PBXSourcesBuildPhase;
			buildActionMask = 2147483647;
			files = (
				4B10A0ED1F42C65300E57442 /* ViewController.m in Sources */,
				27D33C75208ECFBF0035E835 /* QRScanningViewController.m in Sources */,
				27D33C76208ECFBF0035E835 /* QRGetViewController.m in Sources */,
				27D33C7D208EE58E0035E835 /* QRScanningAnswerViewController.m in Sources */,
				4B10A0EA1F42C65300E57442 /* AppDelegate.m in Sources */,
				4B10A0E71F42C65300E57442 /* main.m in Sources */,
				27D33C77208ECFBF0035E835 /* NativeViewController.m in Sources */,
				27D33C7A208ED01C0035E835 /* FCQRCodeUtil.m in Sources */,
				27D33C74208ECFBF0035E835 /* WebViewController.m in Sources */,
			);
			runOnlyForDeploymentPostprocessing = 0;
		};
/* End PBXSourcesBuildPhase section */

/* Begin PBXVariantGroup section */
		4B10A0EE1F42C65300E57442 /* Main.storyboard */ = {
			isa = PBXVariantGroup;
			children = (
				4B10A0EF1F42C65300E57442 /* Base */,
			);
			name = Main.storyboard;
			sourceTree = "<group>";
		};
		4B10A0F31F42C65300E57442 /* LaunchScreen.storyboard */ = {
			isa = PBXVariantGroup;
			children = (
				4B10A0F41F42C65300E57442 /* Base */,
			);
			name = LaunchScreen.storyboard;
			sourceTree = "<group>";
		};
/* End PBXVariantGroup section */

/* Begin XCBuildConfiguration section */
		4B10A0F71F42C65300E57442 /* Debug */ = {
			isa = XCBuildConfiguration;
			buildSettings = {
				ALWAYS_SEARCH_USER_PATHS = NO;
				CLANG_ANALYZER_NONNULL = YES;
				CLANG_ANALYZER_NUMBER_OBJECT_CONVERSION = YES_AGGRESSIVE;
				CLANG_CXX_LANGUAGE_STANDARD = "gnu++0x";
				CLANG_CXX_LIBRARY = "libc++";
				CLANG_ENABLE_MODULES = YES;
				CLANG_ENABLE_OBJC_ARC = YES;
				CLANG_WARN_BOOL_CONVERSION = YES;
				CLANG_WARN_CONSTANT_CONVERSION = YES;
				CLANG_WARN_DIRECT_OBJC_ISA_USAGE = YES_ERROR;
				CLANG_WARN_DOCUMENTATION_COMMENTS = YES;
				CLANG_WARN_EMPTY_BODY = YES;
				CLANG_WARN_ENUM_CONVERSION = YES;
				CLANG_WARN_INFINITE_RECURSION = YES;
				CLANG_WARN_INT_CONVERSION = YES;
				CLANG_WARN_OBJC_ROOT_CLASS = YES_ERROR;
				CLANG_WARN_SUSPICIOUS_MOVE = YES;
				CLANG_WARN_UNREACHABLE_CODE = YES;
				CLANG_WARN__DUPLICATE_METHOD_MATCH = YES;
				"CODE_SIGN_IDENTITY[sdk=iphoneos*]" = "iPhone Developer";
				COPY_PHASE_STRIP = NO;
				DEBUG_INFORMATION_FORMAT = dwarf;
				ENABLE_STRICT_OBJC_MSGSEND = YES;
				ENABLE_TESTABILITY = YES;
				GCC_C_LANGUAGE_STANDARD = gnu99;
				GCC_DYNAMIC_NO_PIC = NO;
				GCC_NO_COMMON_BLOCKS = YES;
				GCC_OPTIMIZATION_LEVEL = 0;
				GCC_PREPROCESSOR_DEFINITIONS = (
					"DEBUG=1",
					"$(inherited)",
				);
				GCC_WARN_64_TO_32_BIT_CONVERSION = YES;
				GCC_WARN_ABOUT_RETURN_TYPE = YES_ERROR;
				GCC_WARN_UNDECLARED_SELECTOR = YES;
				GCC_WARN_UNINITIALIZED_AUTOS = YES_AGGRESSIVE;
				GCC_WARN_UNUSED_FUNCTION = YES;
				GCC_WARN_UNUSED_VARIABLE = YES;
				IPHONEOS_DEPLOYMENT_TARGET = 10.3;
				MTL_ENABLE_DEBUG_INFO = YES;
				ONLY_ACTIVE_ARCH = YES;
				SDKROOT = iphoneos;
			};
			name = Debug;
		};
		4B10A0F81F42C65300E57442 /* Release */ = {
			isa = XCBuildConfiguration;
			buildSettings = {
				ALWAYS_SEARCH_USER_PATHS = NO;
				CLANG_ANALYZER_NONNULL = YES;
				CLANG_ANALYZER_NUMBER_OBJECT_CONVERSION = YES_AGGRESSIVE;
				CLANG_CXX_LANGUAGE_STANDARD = "gnu++0x";
				CLANG_CXX_LIBRARY = "libc++";
				CLANG_ENABLE_MODULES = YES;
				CLANG_ENABLE_OBJC_ARC = YES;
				CLANG_WARN_BOOL_CONVERSION = YES;
				CLANG_WARN_CONSTANT_CONVERSION = YES;
				CLANG_WARN_DIRECT_OBJC_ISA_USAGE = YES_ERROR;
				CLANG_WARN_DOCUMENTATION_COMMENTS = YES;
				CLANG_WARN_EMPTY_BODY = YES;
				CLANG_WARN_ENUM_CONVERSION = YES;
				CLANG_WARN_INFINITE_RECURSION = YES;
				CLANG_WARN_INT_CONVERSION = YES;
				CLANG_WARN_OBJC_ROOT_CLASS = YES_ERROR;
				CLANG_WARN_SUSPICIOUS_MOVE = YES;
				CLANG_WARN_UNREACHABLE_CODE = YES;
				CLANG_WARN__DUPLICATE_METHOD_MATCH = YES;
				"CODE_SIGN_IDENTITY[sdk=iphoneos*]" = "iPhone Developer";
				COPY_PHASE_STRIP = NO;
				DEBUG_INFORMATION_FORMAT = "dwarf-with-dsym";
				ENABLE_NS_ASSERTIONS = NO;
				ENABLE_STRICT_OBJC_MSGSEND = YES;
				GCC_C_LANGUAGE_STANDARD = gnu99;
				GCC_NO_COMMON_BLOCKS = YES;
				GCC_WARN_64_TO_32_BIT_CONVERSION = YES;
				GCC_WARN_ABOUT_RETURN_TYPE = YES_ERROR;
				GCC_WARN_UNDECLARED_SELECTOR = YES;
				GCC_WARN_UNINITIALIZED_AUTOS = YES_AGGRESSIVE;
				GCC_WARN_UNUSED_FUNCTION = YES;
				GCC_WARN_UNUSED_VARIABLE = YES;
				IPHONEOS_DEPLOYMENT_TARGET = 10.3;
				MTL_ENABLE_DEBUG_INFO = NO;
				SDKROOT = iphoneos;
				VALIDATE_PRODUCT = YES;
			};
			name = Release;
		};
		4B10A0FA1F42C65300E57442 /* Debug */ = {
			isa = XCBuildConfiguration;
			buildSettings = {
				ASSETCATALOG_COMPILER_APPICON_NAME = AppIcon;
				DEVELOPMENT_TEAM = BTNY4MKFD9;
				INFOPLIST_FILE = "二维码/Info.plist";
				LD_RUNPATH_SEARCH_PATHS = "$(inherited) @executable_path/Frameworks";
				PRODUCT_BUNDLE_IDENTIFIER = com.namibank.milaoban;
				PRODUCT_NAME = "$(TARGET_NAME)";
			};
			name = Debug;
		};
		4B10A0FB1F42C65300E57442 /* Release */ = {
			isa = XCBuildConfiguration;
			buildSettings = {
				ASSETCATALOG_COMPILER_APPICON_NAME = AppIcon;
				DEVELOPMENT_TEAM = BTNY4MKFD9;
				INFOPLIST_FILE = "二维码/Info.plist";
				LD_RUNPATH_SEARCH_PATHS = "$(inherited) @executable_path/Frameworks";
				PRODUCT_BUNDLE_IDENTIFIER = com.namibank.milaoban;
				PRODUCT_NAME = "$(TARGET_NAME)";
			};
			name = Release;
		};
/* End XCBuildConfiguration section */

/* Begin XCConfigurationList section */
		4B10A0DD1F42C65300E57442 /* Build configuration list for PBXProject "二维码" */ = {
			isa = XCConfigurationList;
			buildConfigurations = (
				4B10A0F71F42C65300E57442 /* Debug */,
				4B10A0F81F42C65300E57442 /* Release */,
			);
			defaultConfigurationIsVisible = 0;
			defaultConfigurationName = Release;
		};
		4B10A0F91F42C65300E57442 /* Build configuration list for PBXNativeTarget "二维码" */ = {
			isa = XCConfigurationList;
			buildConfigurations = (
				4B10A0FA1F42C65300E57442 /* Debug */,
				4B10A0FB1F42C65300E57442 /* Release */,
			);
			defaultConfigurationIsVisible = 0;
			defaultConfigurationName = Release;
		};
/* End XCConfigurationList section */
	};
	rootObject = 4B10A0DA1F42C65300E57442 /* Project object */;
}
